// !$*UTF8*$!
{
	archiveVersion = 1;
	classes = {
	};
	objectVersion = 56;
	objects = {

/* Begin PBXBuildFile section */
		78202CD92B80B3FC0043E204 /* TagSelection.swift in Sources */ = {isa = PBXBuildFile; fileRef = 78202CD82B80B3FC0043E204 /* TagSelection.swift */; };
		7822648F2B8FD28F00759188 /* ExportListView.swift in Sources */ = {isa = PBXBuildFile; fileRef = 7822648E2B8FD28F00759188 /* ExportListView.swift */; };
		782264912B90840A00759188 /* ExportOverlayButton.swift in Sources */ = {isa = PBXBuildFile; fileRef = 782264902B90840A00759188 /* ExportOverlayButton.swift */; };
		782264932B9085C100759188 /* ExportRecipesOverlay.swift in Sources */ = {isa = PBXBuildFile; fileRef = 782264922B9085C100759188 /* ExportRecipesOverlay.swift */; };
		782264952B90BCA500759188 /* ExportLinkOverlay.swift in Sources */ = {isa = PBXBuildFile; fileRef = 782264942B90BCA500759188 /* ExportLinkOverlay.swift */; };
		7824BC3A2B16862400211579 /* TagsOrIngredientsListView.swift in Sources */ = {isa = PBXBuildFile; fileRef = 7824BC392B16862400211579 /* TagsOrIngredientsListView.swift */; };
		7824BC3C2B1687AE00211579 /* FlexiTagsView.swift in Sources */ = {isa = PBXBuildFile; fileRef = 7824BC3B2B1687AE00211579 /* FlexiTagsView.swift */; };
		7824BC402B177CF400211579 /* ToolbarOptionsView.swift in Sources */ = {isa = PBXBuildFile; fileRef = 7824BC3F2B177CF400211579 /* ToolbarOptionsView.swift */; };
		7824BC432B179FE800211579 /* CustomNavBar.swift in Sources */ = {isa = PBXBuildFile; fileRef = 7824BC422B179FE800211579 /* CustomNavBar.swift */; };
		7824BC472B189F6000211579 /* Kitchen Timer Normal.caf in Resources */ = {isa = PBXBuildFile; fileRef = 7824BC452B189F6000211579 /* Kitchen Timer Normal.caf */; };
		782821FF29F177F4006128CA /* RandomRecipeView.swift in Sources */ = {isa = PBXBuildFile; fileRef = 782821FE29F177F4006128CA /* RandomRecipeView.swift */; };
		782AB9E529CE0A9600EC23FC /* ScrollingListExperiment.swift in Sources */ = {isa = PBXBuildFile; fileRef = 782AB9E429CE0A9600EC23FC /* ScrollingListExperiment.swift */; };
		782AB9E729CE2F0E00EC23FC /* Recipe.swift in Sources */ = {isa = PBXBuildFile; fileRef = 782AB9E629CE2F0E00EC23FC /* Recipe.swift */; };
		782AB9ED29CE39C800EC23FC /* Direction.swift in Sources */ = {isa = PBXBuildFile; fileRef = 782AB9EC29CE39C800EC23FC /* Direction.swift */; };
		782C65C829D56FFF00A95C18 /* IngredientsEditView.swift in Sources */ = {isa = PBXBuildFile; fileRef = 782C65C729D56FFF00A95C18 /* IngredientsEditView.swift */; };
		782C65D029D5762600A95C18 /* HeadSectionView.swift in Sources */ = {isa = PBXBuildFile; fileRef = 782C65CF29D5762600A95C18 /* HeadSectionView.swift */; };
		782C65D229D58B0A00A95C18 /* ServingsCookedEditView.swift in Sources */ = {isa = PBXBuildFile; fileRef = 782C65D129D58B0A00A95C18 /* ServingsCookedEditView.swift */; };
		782C65D729D6003200A95C18 /* IngredientEditView.swift in Sources */ = {isa = PBXBuildFile; fileRef = 782C65D629D6003200A95C18 /* IngredientEditView.swift */; };
		782C65DB29D6D58000A95C18 /* Ingredient.swift in Sources */ = {isa = PBXBuildFile; fileRef = 782C65DA29D6D58000A95C18 /* Ingredient.swift */; };
		782C65DD29D7333600A95C18 /* FlexiStringsView.swift in Sources */ = {isa = PBXBuildFile; fileRef = 782C65DC29D7333600A95C18 /* FlexiStringsView.swift */; };
		782C65DF29D7501800A95C18 /* ServingsView.swift in Sources */ = {isa = PBXBuildFile; fileRef = 782C65DE29D7501800A95C18 /* ServingsView.swift */; };
		782EB6AD29C3A3A20086D2E7 /* MDRecipesApp.swift in Sources */ = {isa = PBXBuildFile; fileRef = 782EB6AC29C3A3A20086D2E7 /* MDRecipesApp.swift */; };
		782EB6B129C3A3A30086D2E7 /* Assets.xcassets in Resources */ = {isa = PBXBuildFile; fileRef = 782EB6B029C3A3A30086D2E7 /* Assets.xcassets */; };
		782EB6B529C3A3A30086D2E7 /* Preview Assets.xcassets in Resources */ = {isa = PBXBuildFile; fileRef = 782EB6B429C3A3A30086D2E7 /* Preview Assets.xcassets */; };
		782EB6BD29C3A3F70086D2E7 /* MarkdownFile.swift in Sources */ = {isa = PBXBuildFile; fileRef = 782EB6BC29C3A3F70086D2E7 /* MarkdownFile.swift */; };
		782EB6BF29C3A4650086D2E7 /* RecipesManager.swift in Sources */ = {isa = PBXBuildFile; fileRef = 782EB6BE29C3A4650086D2E7 /* RecipesManager.swift */; };
		782EB6C129C3B0A70086D2E7 /* RecipesListView.swift in Sources */ = {isa = PBXBuildFile; fileRef = 782EB6C029C3B0A70086D2E7 /* RecipesListView.swift */; };
		782EB6C329C460800086D2E7 /* RecipeViewTryOne.swift in Sources */ = {isa = PBXBuildFile; fileRef = 782EB6C229C460800086D2E7 /* RecipeViewTryOne.swift */; };
		782EB6C529C460FF0086D2E7 /* ListItemView.swift in Sources */ = {isa = PBXBuildFile; fileRef = 782EB6C429C460FF0086D2E7 /* ListItemView.swift */; };
		783B4B8029DDA7C700551888 /* DirectionsEditTextView.swift in Sources */ = {isa = PBXBuildFile; fileRef = 783B4B7F29DDA7C700551888 /* DirectionsEditTextView.swift */; };
		783B4B8429DEB41200551888 /* QuickIngredientsEditView.swift in Sources */ = {isa = PBXBuildFile; fileRef = 783B4B8329DEB41200551888 /* QuickIngredientsEditView.swift */; };
		783B4B8629DFF67B00551888 /* SegmentsImportView.swift in Sources */ = {isa = PBXBuildFile; fileRef = 783B4B8529DFF67B00551888 /* SegmentsImportView.swift */; };
		783B4B8829E0073B00551888 /* SegmentView.swift in Sources */ = {isa = PBXBuildFile; fileRef = 783B4B8729E0073B00551888 /* SegmentView.swift */; };
		783B4B8A29E00DE000551888 /* RecipeSegment.swift in Sources */ = {isa = PBXBuildFile; fileRef = 783B4B8929E00DE000551888 /* RecipeSegment.swift */; };
		783B4B8C29E04CD100551888 /* SegmentStackView.swift in Sources */ = {isa = PBXBuildFile; fileRef = 783B4B8B29E04CD100551888 /* SegmentStackView.swift */; };
		783B4B8E29E148E600551888 /* Importer.swift in Sources */ = {isa = PBXBuildFile; fileRef = 783B4B8D29E148E600551888 /* Importer.swift */; };
		784AFE192B07CDD300A14417 /* RecipeMovedAlert.swift in Sources */ = {isa = PBXBuildFile; fileRef = 784AFE182B07CDD300A14417 /* RecipeMovedAlert.swift */; };
		78623AD129D982D300B9CF65 /* TitleEditView.swift in Sources */ = {isa = PBXBuildFile; fileRef = 78623AD029D982D300B9CF65 /* TitleEditView.swift */; };
		78623AD429D9AFC700B9CF65 /* TrashList.swift in Sources */ = {isa = PBXBuildFile; fileRef = 78623AD329D9AFC700B9CF65 /* TrashList.swift */; };
		78623AD729D9FB6700B9CF65 /* ImportFromTextView.swift in Sources */ = {isa = PBXBuildFile; fileRef = 78623AD629D9FB6700B9CF65 /* ImportFromTextView.swift */; };
		78623AD929DA007100B9CF65 /* ConvertFractionsIntoDoubles.swift in Sources */ = {isa = PBXBuildFile; fileRef = 78623AD829DA007100B9CF65 /* ConvertFractionsIntoDoubles.swift */; };
		7864173829C4770B00D67DE0 /* FilterTesting.swift in Sources */ = {isa = PBXBuildFile; fileRef = 7864173729C4770B00D67DE0 /* FilterTesting.swift */; };
		7865CFDC2B1F0B9D007CB7D6 /* BackgroundAnimation.swift in Sources */ = {isa = PBXBuildFile; fileRef = 7865CFDB2B1F0B9D007CB7D6 /* BackgroundAnimation.swift */; };
		7865CFDE2B1F0DC2007CB7D6 /* AboutView.swift in Sources */ = {isa = PBXBuildFile; fileRef = 7865CFDD2B1F0DC2007CB7D6 /* AboutView.swift */; };
		78676B0D29D36003002205B5 /* RoundedCross.swift in Sources */ = {isa = PBXBuildFile; fileRef = 786F9A1B29CAF2D800CAA48B /* RoundedCross.swift */; };
		78676B0E29D36008002205B5 /* ConfettiSwiftUI.swift in Sources */ = {isa = PBXBuildFile; fileRef = 786F9A1C29CAF2D800CAA48B /* ConfettiSwiftUI.swift */; };
		786C03292AF981EE00B021E3 /* TitleAlertView.swift in Sources */ = {isa = PBXBuildFile; fileRef = 786C03282AF981EE00B021E3 /* TitleAlertView.swift */; };
		786F99F429C4EF2900CAA48B /* WHStack.swift in Sources */ = {isa = PBXBuildFile; fileRef = 786F99F329C4EF2900CAA48B /* WHStack.swift */; };
		786F99F629C4F05700CAA48B /* ViewArrayBuilder.swift in Sources */ = {isa = PBXBuildFile; fileRef = 786F99F529C4F05700CAA48B /* ViewArrayBuilder.swift */; };
		786F99F829C4F0A100CAA48B /* WrapStack.swift in Sources */ = {isa = PBXBuildFile; fileRef = 786F99F729C4F0A100CAA48B /* WrapStack.swift */; };
		786F99FA29C4F0C700CAA48B /* SizePref.swift in Sources */ = {isa = PBXBuildFile; fileRef = 786F99F929C4F0C700CAA48B /* SizePref.swift */; };
		786F9A0029C84E5C00CAA48B /* View+readSize.swift in Sources */ = {isa = PBXBuildFile; fileRef = 786F99FF29C84E5C00CAA48B /* View+readSize.swift */; };
		786F9A0629C8520400CAA48B /* FlexibleContentView.swift in Sources */ = {isa = PBXBuildFile; fileRef = 786F9A0529C8520400CAA48B /* FlexibleContentView.swift */; };
		786F9A0A29C86D9D00CAA48B /* Enums.swift in Sources */ = {isa = PBXBuildFile; fileRef = 786F9A0929C86D9D00CAA48B /* Enums.swift */; };
		786F9A0C29C8E0C000CAA48B /* HomeView.swift in Sources */ = {isa = PBXBuildFile; fileRef = 786F9A0B29C8E0C000CAA48B /* HomeView.swift */; };
		786F9A0E29C8E18300CAA48B /* FolderView.swift in Sources */ = {isa = PBXBuildFile; fileRef = 786F9A0D29C8E18300CAA48B /* FolderView.swift */; };
		786F9A1429CA381F00CAA48B /* IngredientView.swift in Sources */ = {isa = PBXBuildFile; fileRef = 786F9A1329CA381F00CAA48B /* IngredientView.swift */; };
		786F9A1829CAE74D00CAA48B /* Parser.swift in Sources */ = {isa = PBXBuildFile; fileRef = 786F9A1729CAE74D00CAA48B /* Parser.swift */; };
		786F9A1E29CB08EF00CAA48B /* TimerView.swift in Sources */ = {isa = PBXBuildFile; fileRef = 786F9A1D29CB08EF00CAA48B /* TimerView.swift */; };
		786F9A2229CC418800CAA48B /* NotificationDelegate.swift in Sources */ = {isa = PBXBuildFile; fileRef = 786F9A2129CC418800CAA48B /* NotificationDelegate.swift */; };
		786F9A2B29CC589600CAA48B /* TimerListButton.swift in Sources */ = {isa = PBXBuildFile; fileRef = 786F9A2A29CC589600CAA48B /* TimerListButton.swift */; };
		786F9A2D29CC7F6D00CAA48B /* VisibilityView.swift in Sources */ = {isa = PBXBuildFile; fileRef = 786F9A2C29CC7F6D00CAA48B /* VisibilityView.swift */; };
		786F9A2F29CC84CE00CAA48B /* AnotherVisibilityTest.swift in Sources */ = {isa = PBXBuildFile; fileRef = 786F9A2E29CC84CE00CAA48B /* AnotherVisibilityTest.swift */; };
		786F9A3329CDAB6300CAA48B /* DirectionTimer.swift in Sources */ = {isa = PBXBuildFile; fileRef = 786F9A3229CDAB6300CAA48B /* DirectionTimer.swift */; };
		786F9A3529CDAC3900CAA48B /* FloatingTimerView.swift in Sources */ = {isa = PBXBuildFile; fileRef = 786F9A3429CDAC3900CAA48B /* FloatingTimerView.swift */; };
		786F9A3729CDAF6D00CAA48B /* RandomColorWithContrast.swift in Sources */ = {isa = PBXBuildFile; fileRef = 786F9A3629CDAF6D00CAA48B /* RandomColorWithContrast.swift */; };
		7877E1452BC52C2900776890 /* _FlexibleView.swift in Sources */ = {isa = PBXBuildFile; fileRef = 7877E1432BC52C2900776890 /* _FlexibleView.swift */; };
		7877E1462BC52C2900776890 /* FlexibleView.swift in Sources */ = {isa = PBXBuildFile; fileRef = 7877E1422BC52C2900776890 /* FlexibleView.swift */; };
		7877E1472BC52C2900776890 /* SelectionButtonLabel.swift in Sources */ = {isa = PBXBuildFile; fileRef = 7877E1442BC52C2900776890 /* SelectionButtonLabel.swift */; };
		788D3E0F2B8F3F65003CB6F8 /* ImportRecipesOverlay.swift in Sources */ = {isa = PBXBuildFile; fileRef = 788D3E0E2B8F3F65003CB6F8 /* ImportRecipesOverlay.swift */; };
		788D3E122B8F40E8003CB6F8 /* OutsideTap.swift in Sources */ = {isa = PBXBuildFile; fileRef = 788D3E102B8F40E8003CB6F8 /* OutsideTap.swift */; };
		788D3E132B8F40E8003CB6F8 /* OverlayVStackModifier.swift in Sources */ = {isa = PBXBuildFile; fileRef = 788D3E112B8F40E8003CB6F8 /* OverlayVStackModifier.swift */; };
		78C1C44B2B7D1FED009EBBBF /* ExportView.swift in Sources */ = {isa = PBXBuildFile; fileRef = 78C1C44A2B7D1FED009EBBBF /* ExportView.swift */; };
		78C22AF429F1491A00CEA2BE /* CameraButtonView.swift in Sources */ = {isa = PBXBuildFile; fileRef = 78C22AF329F1491A00CEA2BE /* CameraButtonView.swift */; };
		78C59E8C2B1BCF9000C44F5F /* SplashViewAnimation.swift in Sources */ = {isa = PBXBuildFile; fileRef = 78C59E8B2B1BCF9000C44F5F /* SplashViewAnimation.swift */; };
		78C59E8E2B1CAC3A00C44F5F /* StartView.swift in Sources */ = {isa = PBXBuildFile; fileRef = 78C59E8D2B1CAC3A00C44F5F /* StartView.swift */; };
		78D1520829D827990023DB08 /* DirectionTimerView.swift in Sources */ = {isa = PBXBuildFile; fileRef = 78D1520729D827990023DB08 /* DirectionTimerView.swift */; };
		78D378E42B4C57FD0047F5CB /* PrivacyView.swift in Sources */ = {isa = PBXBuildFile; fileRef = 78D378E32B4C57FD0047F5CB /* PrivacyView.swift */; };
		78D6D20929EC3B23004FED05 /* RecipeRatingEditView.swift in Sources */ = {isa = PBXBuildFile; fileRef = 78D6D20829EC3B23004FED05 /* RecipeRatingEditView.swift */; };
		78D6D20B29EC3FDA004FED05 /* NotesView.swift in Sources */ = {isa = PBXBuildFile; fileRef = 78D6D20A29EC3FDA004FED05 /* NotesView.swift */; };
		78D6D20F29ED2FFC004FED05 /* TimerButtonView.swift in Sources */ = {isa = PBXBuildFile; fileRef = 78D6D20E29ED2FFC004FED05 /* TimerButtonView.swift */; };
		78D6D21129ED38FB004FED05 /* DateToDateFormatted.swift in Sources */ = {isa = PBXBuildFile; fileRef = 78D6D21029ED38FB004FED05 /* DateToDateFormatted.swift */; };
		78D6D21329ED4BE6004FED05 /* ShakeEffect.swift in Sources */ = {isa = PBXBuildFile; fileRef = 78D6D21229ED4BE6004FED05 /* ShakeEffect.swift */; };
		78DCB73729D1B53B00D02A2C /* RecipeView.swift in Sources */ = {isa = PBXBuildFile; fileRef = 78DCB73629D1B53B00D02A2C /* RecipeView.swift */; };
		78DDC7242B92033E001D7183 /* HomeListView.swift in Sources */ = {isa = PBXBuildFile; fileRef = 78DDC7232B92033E001D7183 /* HomeListView.swift */; };
		78DDC7262B921FAA001D7183 /* HomeRecipesFolderView.swift in Sources */ = {isa = PBXBuildFile; fileRef = 78DDC7252B921FAA001D7183 /* HomeRecipesFolderView.swift */; };
		78DDC7282B932EDD001D7183 /* TagsContextMenu.swift in Sources */ = {isa = PBXBuildFile; fileRef = 78DDC7272B932EDD001D7183 /* TagsContextMenu.swift */; };
		78DDC72A2B93399B001D7183 /* TagTextFieldModifier.swift in Sources */ = {isa = PBXBuildFile; fileRef = 78DDC7292B93399B001D7183 /* TagTextFieldModifier.swift */; };
		78DDC72C2B933CB3001D7183 /* RenameTagOverlay.swift in Sources */ = {isa = PBXBuildFile; fileRef = 78DDC72B2B933CB3001D7183 /* RenameTagOverlay.swift */; };
		78DDC72E2B937061001D7183 /* TagAlert.swift in Sources */ = {isa = PBXBuildFile; fileRef = 78DDC72D2B937061001D7183 /* TagAlert.swift */; };
		78DDC7302B93754D001D7183 /* RenameTagVStack.swift in Sources */ = {isa = PBXBuildFile; fileRef = 78DDC72F2B93754D001D7183 /* RenameTagVStack.swift */; };
		78ED4A682B796AAF00171F27 /* ZIPFoundation in Frameworks */ = {isa = PBXBuildFile; productRef = 78ED4A672B796AAF00171F27 /* ZIPFoundation */; };
		78ED4A6D2B7A425D00171F27 /* AlertOverlay.swift in Sources */ = {isa = PBXBuildFile; fileRef = 78ED4A6C2B7A425D00171F27 /* AlertOverlay.swift */; };
		78ED4A6F2B7CC7FB00171F27 /* Constants.swift in Sources */ = {isa = PBXBuildFile; fileRef = 78ED4A6E2B7CC7FB00171F27 /* Constants.swift */; };
		78ED6BF22B9107D8004FA166 /* CustomPopupModifier.swift in Sources */ = {isa = PBXBuildFile; fileRef = 78ED6BF12B9107D8004FA166 /* CustomPopupModifier.swift */; };
		78F0A94D29D1EF0A00E59F56 /* String+Pluralize.swift in Sources */ = {isa = PBXBuildFile; fileRef = 78F0A94C29D1EF0A00E59F56 /* String+Pluralize.swift */; };
		78F0A94F29D1EF3D00E59F56 /* Inflector.swift in Sources */ = {isa = PBXBuildFile; fileRef = 78F0A94E29D1EF3D00E59F56 /* Inflector.swift */; };
		78F0A95129D21DC500E59F56 /* DirectionView.swift in Sources */ = {isa = PBXBuildFile; fileRef = 78F0A95029D21DC500E59F56 /* DirectionView.swift */; };
		78F3185E29E53B2000DE31BE /* ImagesPickerView.swift in Sources */ = {isa = PBXBuildFile; fileRef = 78F3185D29E53B2000DE31BE /* ImagesPickerView.swift */; };
		78F3186029E5442B00DE31BE /* ImageDetailView.swift in Sources */ = {isa = PBXBuildFile; fileRef = 78F3185F29E5442B00DE31BE /* ImageDetailView.swift */; };
		78F3186229E5598F00DE31BE /* RecipeImage.swift in Sources */ = {isa = PBXBuildFile; fileRef = 78F3186129E5598F00DE31BE /* RecipeImage.swift */; };
		78F3186829E5B3D200DE31BE /* RecipeImageData.swift in Sources */ = {isa = PBXBuildFile; fileRef = 78F3186729E5B3D200DE31BE /* RecipeImageData.swift */; };
		78F3186A29E6A24500DE31BE /* RecipeImageView.swift in Sources */ = {isa = PBXBuildFile; fileRef = 78F3186929E6A24500DE31BE /* RecipeImageView.swift */; };
		78F553D029D429E2001C9F56 /* RecipeEditView.swift in Sources */ = {isa = PBXBuildFile; fileRef = 78F553CF29D429E2001C9F56 /* RecipeEditView.swift */; };
		78F553D429D48812001C9F56 /* LanguagePickerView.swift in Sources */ = {isa = PBXBuildFile; fileRef = 78F553D329D48812001C9F56 /* LanguagePickerView.swift */; };
		78F553D629D4B226001C9F56 /* TagsEditView.swift in Sources */ = {isa = PBXBuildFile; fileRef = 78F553D529D4B226001C9F56 /* TagsEditView.swift */; };
		78F553D829D4B496001C9F56 /* CategoriesEditView.swift in Sources */ = {isa = PBXBuildFile; fileRef = 78F553D729D4B496001C9F56 /* CategoriesEditView.swift */; };
		78F553DA29D4B545001C9F56 /* DirectionsEditView.swift in Sources */ = {isa = PBXBuildFile; fileRef = 78F553D929D4B545001C9F56 /* DirectionsEditView.swift */; };
/* End PBXBuildFile section */

/* Begin PBXFileReference section */
		781D55792CF5DDE000C56DE6 /* README.md */ = {isa = PBXFileReference; lastKnownFileType = net.daringfireball.markdown; path = README.md; sourceTree = "<group>"; };
		78202CD82B80B3FC0043E204 /* TagSelection.swift */ = {isa = PBXFileReference; lastKnownFileType = sourcecode.swift; path = TagSelection.swift; sourceTree = "<group>"; };
		7822648E2B8FD28F00759188 /* ExportListView.swift */ = {isa = PBXFileReference; lastKnownFileType = sourcecode.swift; path = ExportListView.swift; sourceTree = "<group>"; };
		782264902B90840A00759188 /* ExportOverlayButton.swift */ = {isa = PBXFileReference; lastKnownFileType = sourcecode.swift; path = ExportOverlayButton.swift; sourceTree = "<group>"; };
		782264922B9085C100759188 /* ExportRecipesOverlay.swift */ = {isa = PBXFileReference; lastKnownFileType = sourcecode.swift; path = ExportRecipesOverlay.swift; sourceTree = "<group>"; };
		782264942B90BCA500759188 /* ExportLinkOverlay.swift */ = {isa = PBXFileReference; lastKnownFileType = sourcecode.swift; path = ExportLinkOverlay.swift; sourceTree = "<group>"; };
		7824BC392B16862400211579 /* TagsOrIngredientsListView.swift */ = {isa = PBXFileReference; lastKnownFileType = sourcecode.swift; path = TagsOrIngredientsListView.swift; sourceTree = "<group>"; };
		7824BC3B2B1687AE00211579 /* FlexiTagsView.swift */ = {isa = PBXFileReference; lastKnownFileType = sourcecode.swift; path = FlexiTagsView.swift; sourceTree = "<group>"; };
		7824BC3F2B177CF400211579 /* ToolbarOptionsView.swift */ = {isa = PBXFileReference; lastKnownFileType = sourcecode.swift; path = ToolbarOptionsView.swift; sourceTree = "<group>"; };
		7824BC422B179FE800211579 /* CustomNavBar.swift */ = {isa = PBXFileReference; lastKnownFileType = sourcecode.swift; path = CustomNavBar.swift; sourceTree = "<group>"; };
		7824BC452B189F6000211579 /* Kitchen Timer Normal.caf */ = {isa = PBXFileReference; lastKnownFileType = file; path = "Kitchen Timer Normal.caf"; sourceTree = "<group>"; };
		782821FE29F177F4006128CA /* RandomRecipeView.swift */ = {isa = PBXFileReference; lastKnownFileType = sourcecode.swift; path = RandomRecipeView.swift; sourceTree = "<group>"; };
		782AB9E429CE0A9600EC23FC /* ScrollingListExperiment.swift */ = {isa = PBXFileReference; lastKnownFileType = sourcecode.swift; path = ScrollingListExperiment.swift; sourceTree = "<group>"; };
		782AB9E629CE2F0E00EC23FC /* Recipe.swift */ = {isa = PBXFileReference; lastKnownFileType = sourcecode.swift; path = Recipe.swift; sourceTree = "<group>"; };
		782AB9EC29CE39C800EC23FC /* Direction.swift */ = {isa = PBXFileReference; lastKnownFileType = sourcecode.swift; path = Direction.swift; sourceTree = "<group>"; };
		782C65C729D56FFF00A95C18 /* IngredientsEditView.swift */ = {isa = PBXFileReference; lastKnownFileType = sourcecode.swift; path = IngredientsEditView.swift; sourceTree = "<group>"; };
		782C65CF29D5762600A95C18 /* HeadSectionView.swift */ = {isa = PBXFileReference; lastKnownFileType = sourcecode.swift; path = HeadSectionView.swift; sourceTree = "<group>"; };
		782C65D129D58B0A00A95C18 /* ServingsCookedEditView.swift */ = {isa = PBXFileReference; lastKnownFileType = sourcecode.swift; path = ServingsCookedEditView.swift; sourceTree = "<group>"; };
		782C65D629D6003200A95C18 /* IngredientEditView.swift */ = {isa = PBXFileReference; lastKnownFileType = sourcecode.swift; path = IngredientEditView.swift; sourceTree = "<group>"; };
		782C65DA29D6D58000A95C18 /* Ingredient.swift */ = {isa = PBXFileReference; lastKnownFileType = sourcecode.swift; path = Ingredient.swift; sourceTree = "<group>"; };
		782C65DC29D7333600A95C18 /* FlexiStringsView.swift */ = {isa = PBXFileReference; lastKnownFileType = sourcecode.swift; path = FlexiStringsView.swift; sourceTree = "<group>"; };
		782C65DE29D7501800A95C18 /* ServingsView.swift */ = {isa = PBXFileReference; lastKnownFileType = sourcecode.swift; path = ServingsView.swift; sourceTree = "<group>"; };
		782EB6A929C3A3A20086D2E7 /* 7III Recipes.app */ = {isa = PBXFileReference; explicitFileType = wrapper.application; includeInIndex = 0; path = "7III Recipes.app"; sourceTree = BUILT_PRODUCTS_DIR; };
		782EB6AC29C3A3A20086D2E7 /* MDRecipesApp.swift */ = {isa = PBXFileReference; lastKnownFileType = sourcecode.swift; path = MDRecipesApp.swift; sourceTree = "<group>"; };
		782EB6B029C3A3A30086D2E7 /* Assets.xcassets */ = {isa = PBXFileReference; lastKnownFileType = folder.assetcatalog; path = Assets.xcassets; sourceTree = "<group>"; };
		782EB6B229C3A3A30086D2E7 /* 7III Recipes.entitlements */ = {isa = PBXFileReference; lastKnownFileType = text.plist.entitlements; path = "7III Recipes.entitlements"; sourceTree = "<group>"; };
		782EB6B429C3A3A30086D2E7 /* Preview Assets.xcassets */ = {isa = PBXFileReference; lastKnownFileType = folder.assetcatalog; path = "Preview Assets.xcassets"; sourceTree = "<group>"; };
		782EB6BC29C3A3F70086D2E7 /* MarkdownFile.swift */ = {isa = PBXFileReference; lastKnownFileType = sourcecode.swift; path = MarkdownFile.swift; sourceTree = "<group>"; };
		782EB6BE29C3A4650086D2E7 /* RecipesManager.swift */ = {isa = PBXFileReference; lastKnownFileType = sourcecode.swift; path = RecipesManager.swift; sourceTree = "<group>"; };
		782EB6C029C3B0A70086D2E7 /* RecipesListView.swift */ = {isa = PBXFileReference; lastKnownFileType = sourcecode.swift; path = RecipesListView.swift; sourceTree = "<group>"; };
		782EB6C229C460800086D2E7 /* RecipeViewTryOne.swift */ = {isa = PBXFileReference; lastKnownFileType = sourcecode.swift; path = RecipeViewTryOne.swift; sourceTree = "<group>"; };
		782EB6C429C460FF0086D2E7 /* ListItemView.swift */ = {isa = PBXFileReference; lastKnownFileType = sourcecode.swift; path = ListItemView.swift; sourceTree = "<group>"; };
		783B4B7F29DDA7C700551888 /* DirectionsEditTextView.swift */ = {isa = PBXFileReference; lastKnownFileType = sourcecode.swift; path = DirectionsEditTextView.swift; sourceTree = "<group>"; };
		783B4B8329DEB41200551888 /* QuickIngredientsEditView.swift */ = {isa = PBXFileReference; lastKnownFileType = sourcecode.swift; path = QuickIngredientsEditView.swift; sourceTree = "<group>"; };
		783B4B8529DFF67B00551888 /* SegmentsImportView.swift */ = {isa = PBXFileReference; lastKnownFileType = sourcecode.swift; path = SegmentsImportView.swift; sourceTree = "<group>"; };
		783B4B8729E0073B00551888 /* SegmentView.swift */ = {isa = PBXFileReference; lastKnownFileType = sourcecode.swift; path = SegmentView.swift; sourceTree = "<group>"; };
		783B4B8929E00DE000551888 /* RecipeSegment.swift */ = {isa = PBXFileReference; lastKnownFileType = sourcecode.swift; path = RecipeSegment.swift; sourceTree = "<group>"; };
		783B4B8B29E04CD100551888 /* SegmentStackView.swift */ = {isa = PBXFileReference; lastKnownFileType = sourcecode.swift; path = SegmentStackView.swift; sourceTree = "<group>"; };
		783B4B8D29E148E600551888 /* Importer.swift */ = {isa = PBXFileReference; lastKnownFileType = sourcecode.swift; path = Importer.swift; sourceTree = "<group>"; };
		784AFE182B07CDD300A14417 /* RecipeMovedAlert.swift */ = {isa = PBXFileReference; lastKnownFileType = sourcecode.swift; path = RecipeMovedAlert.swift; sourceTree = "<group>"; };
		78623AD029D982D300B9CF65 /* TitleEditView.swift */ = {isa = PBXFileReference; lastKnownFileType = sourcecode.swift; path = TitleEditView.swift; sourceTree = "<group>"; };
		78623AD329D9AFC700B9CF65 /* TrashList.swift */ = {isa = PBXFileReference; lastKnownFileType = sourcecode.swift; path = TrashList.swift; sourceTree = "<group>"; };
		78623AD629D9FB6700B9CF65 /* ImportFromTextView.swift */ = {isa = PBXFileReference; lastKnownFileType = sourcecode.swift; path = ImportFromTextView.swift; sourceTree = "<group>"; };
		78623AD829DA007100B9CF65 /* ConvertFractionsIntoDoubles.swift */ = {isa = PBXFileReference; lastKnownFileType = sourcecode.swift; path = ConvertFractionsIntoDoubles.swift; sourceTree = "<group>"; };
		7864173729C4770B00D67DE0 /* FilterTesting.swift */ = {isa = PBXFileReference; lastKnownFileType = sourcecode.swift; path = FilterTesting.swift; sourceTree = "<group>"; };
		7865CFDB2B1F0B9D007CB7D6 /* BackgroundAnimation.swift */ = {isa = PBXFileReference; lastKnownFileType = sourcecode.swift; path = BackgroundAnimation.swift; sourceTree = "<group>"; };
		7865CFDD2B1F0DC2007CB7D6 /* AboutView.swift */ = {isa = PBXFileReference; lastKnownFileType = sourcecode.swift; path = AboutView.swift; sourceTree = "<group>"; };
		786C03282AF981EE00B021E3 /* TitleAlertView.swift */ = {isa = PBXFileReference; lastKnownFileType = sourcecode.swift; path = TitleAlertView.swift; sourceTree = "<group>"; };
		786F99F329C4EF2900CAA48B /* WHStack.swift */ = {isa = PBXFileReference; lastKnownFileType = sourcecode.swift; path = WHStack.swift; sourceTree = "<group>"; };
		786F99F529C4F05700CAA48B /* ViewArrayBuilder.swift */ = {isa = PBXFileReference; lastKnownFileType = sourcecode.swift; path = ViewArrayBuilder.swift; sourceTree = "<group>"; };
		786F99F729C4F0A100CAA48B /* WrapStack.swift */ = {isa = PBXFileReference; lastKnownFileType = sourcecode.swift; path = WrapStack.swift; sourceTree = "<group>"; };
		786F99F929C4F0C700CAA48B /* SizePref.swift */ = {isa = PBXFileReference; lastKnownFileType = sourcecode.swift; path = SizePref.swift; sourceTree = "<group>"; };
		786F99FF29C84E5C00CAA48B /* View+readSize.swift */ = {isa = PBXFileReference; lastKnownFileType = sourcecode.swift; path = "View+readSize.swift"; sourceTree = "<group>"; };
		786F9A0529C8520400CAA48B /* FlexibleContentView.swift */ = {isa = PBXFileReference; lastKnownFileType = sourcecode.swift; path = FlexibleContentView.swift; sourceTree = "<group>"; };
		786F9A0929C86D9D00CAA48B /* Enums.swift */ = {isa = PBXFileReference; lastKnownFileType = sourcecode.swift; path = Enums.swift; sourceTree = "<group>"; };
		786F9A0B29C8E0C000CAA48B /* HomeView.swift */ = {isa = PBXFileReference; lastKnownFileType = sourcecode.swift; path = HomeView.swift; sourceTree = "<group>"; };
		786F9A0D29C8E18300CAA48B /* FolderView.swift */ = {isa = PBXFileReference; lastKnownFileType = sourcecode.swift; path = FolderView.swift; sourceTree = "<group>"; };
		786F9A1329CA381F00CAA48B /* IngredientView.swift */ = {isa = PBXFileReference; lastKnownFileType = sourcecode.swift; path = IngredientView.swift; sourceTree = "<group>"; };
		786F9A1729CAE74D00CAA48B /* Parser.swift */ = {isa = PBXFileReference; lastKnownFileType = sourcecode.swift; path = Parser.swift; sourceTree = "<group>"; };
		786F9A1A29CAF2D800CAA48B /* LICENSE */ = {isa = PBXFileReference; lastKnownFileType = text; path = LICENSE; sourceTree = "<group>"; };
		786F9A1B29CAF2D800CAA48B /* RoundedCross.swift */ = {isa = PBXFileReference; lastKnownFileType = sourcecode.swift; path = RoundedCross.swift; sourceTree = "<group>"; };
		786F9A1C29CAF2D800CAA48B /* ConfettiSwiftUI.swift */ = {isa = PBXFileReference; lastKnownFileType = sourcecode.swift; path = ConfettiSwiftUI.swift; sourceTree = "<group>"; };
		786F9A1D29CB08EF00CAA48B /* TimerView.swift */ = {isa = PBXFileReference; lastKnownFileType = sourcecode.swift; path = TimerView.swift; sourceTree = "<group>"; };
		786F9A2129CC418800CAA48B /* NotificationDelegate.swift */ = {isa = PBXFileReference; lastKnownFileType = sourcecode.swift; path = NotificationDelegate.swift; sourceTree = "<group>"; };
		786F9A2A29CC589600CAA48B /* TimerListButton.swift */ = {isa = PBXFileReference; lastKnownFileType = sourcecode.swift; path = TimerListButton.swift; sourceTree = "<group>"; };
		786F9A2C29CC7F6D00CAA48B /* VisibilityView.swift */ = {isa = PBXFileReference; lastKnownFileType = sourcecode.swift; path = VisibilityView.swift; sourceTree = "<group>"; };
		786F9A2E29CC84CE00CAA48B /* AnotherVisibilityTest.swift */ = {isa = PBXFileReference; lastKnownFileType = sourcecode.swift; path = AnotherVisibilityTest.swift; sourceTree = "<group>"; };
		786F9A3229CDAB6300CAA48B /* DirectionTimer.swift */ = {isa = PBXFileReference; lastKnownFileType = sourcecode.swift; path = DirectionTimer.swift; sourceTree = "<group>"; };
		786F9A3429CDAC3900CAA48B /* FloatingTimerView.swift */ = {isa = PBXFileReference; lastKnownFileType = sourcecode.swift; path = FloatingTimerView.swift; sourceTree = "<group>"; };
		786F9A3629CDAF6D00CAA48B /* RandomColorWithContrast.swift */ = {isa = PBXFileReference; lastKnownFileType = sourcecode.swift; path = RandomColorWithContrast.swift; sourceTree = "<group>"; };
		7877E1422BC52C2900776890 /* FlexibleView.swift */ = {isa = PBXFileReference; lastKnownFileType = sourcecode.swift; path = FlexibleView.swift; sourceTree = "<group>"; };
		7877E1432BC52C2900776890 /* _FlexibleView.swift */ = {isa = PBXFileReference; lastKnownFileType = sourcecode.swift; path = _FlexibleView.swift; sourceTree = "<group>"; };
		7877E1442BC52C2900776890 /* SelectionButtonLabel.swift */ = {isa = PBXFileReference; lastKnownFileType = sourcecode.swift; path = SelectionButtonLabel.swift; sourceTree = "<group>"; };
		788D3E0E2B8F3F65003CB6F8 /* ImportRecipesOverlay.swift */ = {isa = PBXFileReference; lastKnownFileType = sourcecode.swift; path = ImportRecipesOverlay.swift; sourceTree = "<group>"; };
		788D3E102B8F40E8003CB6F8 /* OutsideTap.swift */ = {isa = PBXFileReference; lastKnownFileType = sourcecode.swift; path = OutsideTap.swift; sourceTree = "<group>"; };
		788D3E112B8F40E8003CB6F8 /* OverlayVStackModifier.swift */ = {isa = PBXFileReference; lastKnownFileType = sourcecode.swift; path = OverlayVStackModifier.swift; sourceTree = "<group>"; };
		78C1C44A2B7D1FED009EBBBF /* ExportView.swift */ = {isa = PBXFileReference; lastKnownFileType = sourcecode.swift; path = ExportView.swift; sourceTree = "<group>"; };
		78C22AF229F12E8800CEA2BE /* Info.plist */ = {isa = PBXFileReference; lastKnownFileType = text.plist; path = Info.plist; sourceTree = "<group>"; };
		78C22AF329F1491A00CEA2BE /* CameraButtonView.swift */ = {isa = PBXFileReference; lastKnownFileType = sourcecode.swift; path = CameraButtonView.swift; sourceTree = "<group>"; };
		78C59E8B2B1BCF9000C44F5F /* SplashViewAnimation.swift */ = {isa = PBXFileReference; lastKnownFileType = sourcecode.swift; path = SplashViewAnimation.swift; sourceTree = "<group>"; };
		78C59E8D2B1CAC3A00C44F5F /* StartView.swift */ = {isa = PBXFileReference; lastKnownFileType = sourcecode.swift; path = StartView.swift; sourceTree = "<group>"; };
		78D1520729D827990023DB08 /* DirectionTimerView.swift */ = {isa = PBXFileReference; lastKnownFileType = sourcecode.swift; path = DirectionTimerView.swift; sourceTree = "<group>"; };
		78D378E32B4C57FD0047F5CB /* PrivacyView.swift */ = {isa = PBXFileReference; lastKnownFileType = sourcecode.swift; path = PrivacyView.swift; sourceTree = "<group>"; };
		78D6D20829EC3B23004FED05 /* RecipeRatingEditView.swift */ = {isa = PBXFileReference; lastKnownFileType = sourcecode.swift; path = RecipeRatingEditView.swift; sourceTree = "<group>"; };
		78D6D20A29EC3FDA004FED05 /* NotesView.swift */ = {isa = PBXFileReference; lastKnownFileType = sourcecode.swift; path = NotesView.swift; sourceTree = "<group>"; };
		78D6D20E29ED2FFC004FED05 /* TimerButtonView.swift */ = {isa = PBXFileReference; lastKnownFileType = sourcecode.swift; path = TimerButtonView.swift; sourceTree = "<group>"; };
		78D6D21029ED38FB004FED05 /* DateToDateFormatted.swift */ = {isa = PBXFileReference; lastKnownFileType = sourcecode.swift; path = DateToDateFormatted.swift; sourceTree = "<group>"; };
		78D6D21229ED4BE6004FED05 /* ShakeEffect.swift */ = {isa = PBXFileReference; lastKnownFileType = sourcecode.swift; path = ShakeEffect.swift; sourceTree = "<group>"; };
		78DCB73629D1B53B00D02A2C /* RecipeView.swift */ = {isa = PBXFileReference; lastKnownFileType = sourcecode.swift; path = RecipeView.swift; sourceTree = "<group>"; };
		78DDC7232B92033E001D7183 /* HomeListView.swift */ = {isa = PBXFileReference; lastKnownFileType = sourcecode.swift; path = HomeListView.swift; sourceTree = "<group>"; };
		78DDC7252B921FAA001D7183 /* HomeRecipesFolderView.swift */ = {isa = PBXFileReference; lastKnownFileType = sourcecode.swift; path = HomeRecipesFolderView.swift; sourceTree = "<group>"; };
		78DDC7272B932EDD001D7183 /* TagsContextMenu.swift */ = {isa = PBXFileReference; lastKnownFileType = sourcecode.swift; path = TagsContextMenu.swift; sourceTree = "<group>"; };
		78DDC7292B93399B001D7183 /* TagTextFieldModifier.swift */ = {isa = PBXFileReference; lastKnownFileType = sourcecode.swift; path = TagTextFieldModifier.swift; sourceTree = "<group>"; };
		78DDC72B2B933CB3001D7183 /* RenameTagOverlay.swift */ = {isa = PBXFileReference; lastKnownFileType = sourcecode.swift; path = RenameTagOverlay.swift; sourceTree = "<group>"; };
		78DDC72D2B937061001D7183 /* TagAlert.swift */ = {isa = PBXFileReference; lastKnownFileType = sourcecode.swift; path = TagAlert.swift; sourceTree = "<group>"; };
		78DDC72F2B93754D001D7183 /* RenameTagVStack.swift */ = {isa = PBXFileReference; lastKnownFileType = sourcecode.swift; path = RenameTagVStack.swift; sourceTree = "<group>"; };
		78ED4A6C2B7A425D00171F27 /* AlertOverlay.swift */ = {isa = PBXFileReference; lastKnownFileType = sourcecode.swift; path = AlertOverlay.swift; sourceTree = "<group>"; };
		78ED4A6E2B7CC7FB00171F27 /* Constants.swift */ = {isa = PBXFileReference; lastKnownFileType = sourcecode.swift; path = Constants.swift; sourceTree = "<group>"; };
		78ED6BF12B9107D8004FA166 /* CustomPopupModifier.swift */ = {isa = PBXFileReference; lastKnownFileType = sourcecode.swift; path = CustomPopupModifier.swift; sourceTree = "<group>"; };
		78F0A94C29D1EF0A00E59F56 /* String+Pluralize.swift */ = {isa = PBXFileReference; lastKnownFileType = sourcecode.swift; path = "String+Pluralize.swift"; sourceTree = "<group>"; };
		78F0A94E29D1EF3D00E59F56 /* Inflector.swift */ = {isa = PBXFileReference; lastKnownFileType = sourcecode.swift; path = Inflector.swift; sourceTree = "<group>"; };
		78F0A95029D21DC500E59F56 /* DirectionView.swift */ = {isa = PBXFileReference; lastKnownFileType = sourcecode.swift; path = DirectionView.swift; sourceTree = "<group>"; };
		78F3185D29E53B2000DE31BE /* ImagesPickerView.swift */ = {isa = PBXFileReference; lastKnownFileType = sourcecode.swift; path = ImagesPickerView.swift; sourceTree = "<group>"; };
		78F3185F29E5442B00DE31BE /* ImageDetailView.swift */ = {isa = PBXFileReference; lastKnownFileType = sourcecode.swift; path = ImageDetailView.swift; sourceTree = "<group>"; };
		78F3186129E5598F00DE31BE /* RecipeImage.swift */ = {isa = PBXFileReference; lastKnownFileType = sourcecode.swift; path = RecipeImage.swift; sourceTree = "<group>"; };
		78F3186729E5B3D200DE31BE /* RecipeImageData.swift */ = {isa = PBXFileReference; lastKnownFileType = sourcecode.swift; path = RecipeImageData.swift; sourceTree = "<group>"; };
		78F3186929E6A24500DE31BE /* RecipeImageView.swift */ = {isa = PBXFileReference; lastKnownFileType = sourcecode.swift; path = RecipeImageView.swift; sourceTree = "<group>"; };
		78F553CF29D429E2001C9F56 /* RecipeEditView.swift */ = {isa = PBXFileReference; lastKnownFileType = sourcecode.swift; path = RecipeEditView.swift; sourceTree = "<group>"; };
		78F553D329D48812001C9F56 /* LanguagePickerView.swift */ = {isa = PBXFileReference; lastKnownFileType = sourcecode.swift; path = LanguagePickerView.swift; sourceTree = "<group>"; };
		78F553D529D4B226001C9F56 /* TagsEditView.swift */ = {isa = PBXFileReference; lastKnownFileType = sourcecode.swift; path = TagsEditView.swift; sourceTree = "<group>"; };
		78F553D729D4B496001C9F56 /* CategoriesEditView.swift */ = {isa = PBXFileReference; lastKnownFileType = sourcecode.swift; path = CategoriesEditView.swift; sourceTree = "<group>"; };
		78F553D929D4B545001C9F56 /* DirectionsEditView.swift */ = {isa = PBXFileReference; lastKnownFileType = sourcecode.swift; path = DirectionsEditView.swift; sourceTree = "<group>"; };
/* End PBXFileReference section */

/* Begin PBXFrameworksBuildPhase section */
		782EB6A629C3A3A20086D2E7 /* Frameworks */ = {
			isa = PBXFrameworksBuildPhase;
			buildActionMask = 2147483647;
			files = (
				78ED4A682B796AAF00171F27 /* ZIPFoundation in Frameworks */,
			);
			runOnlyForDeploymentPostprocessing = 0;
		};
/* End PBXFrameworksBuildPhase section */

/* Begin PBXGroup section */
		7822648D2B8FD26E00759188 /* Export */ = {
			isa = PBXGroup;
			children = (
				78C1C44A2B7D1FED009EBBBF /* ExportView.swift */,
				7822648E2B8FD28F00759188 /* ExportListView.swift */,
				782264902B90840A00759188 /* ExportOverlayButton.swift */,
			);
			path = Export;
			sourceTree = "<group>";
		};
		7824BC412B1780B100211579 /* Menus */ = {
			isa = PBXGroup;
			children = (
				7824BC3F2B177CF400211579 /* ToolbarOptionsView.swift */,
				78DDC7272B932EDD001D7183 /* TagsContextMenu.swift */,
			);
			path = Menus;
			sourceTree = "<group>";
		};
		7824BC442B189F4D00211579 /* Sounds */ = {
			isa = PBXGroup;
			children = (
				7824BC452B189F6000211579 /* Kitchen Timer Normal.caf */,
			);
			path = Sounds;
			sourceTree = "<group>";
		};
		782C65C929D5711200A95C18 /* RecipeEditView */ = {
			isa = PBXGroup;
			children = (
				78F553CF29D429E2001C9F56 /* RecipeEditView.swift */,
				78623AD029D982D300B9CF65 /* TitleEditView.swift */,
				782C65D129D58B0A00A95C18 /* ServingsCookedEditView.swift */,
				78F553D529D4B226001C9F56 /* TagsEditView.swift */,
				78F553D729D4B496001C9F56 /* CategoriesEditView.swift */,
				782C65C729D56FFF00A95C18 /* IngredientsEditView.swift */,
				782C65D629D6003200A95C18 /* IngredientEditView.swift */,
				78F553D929D4B545001C9F56 /* DirectionsEditView.swift */,
				783B4B7F29DDA7C700551888 /* DirectionsEditTextView.swift */,
				78F553D329D48812001C9F56 /* LanguagePickerView.swift */,
				78F3185D29E53B2000DE31BE /* ImagesPickerView.swift */,
				78C22AF329F1491A00CEA2BE /* CameraButtonView.swift */,
				78F3185F29E5442B00DE31BE /* ImageDetailView.swift */,
			);
			path = RecipeEditView;
			sourceTree = "<group>";
		};
		782C65CA29D571C300A95C18 /* RecipeView */ = {
			isa = PBXGroup;
			children = (
				78DCB73629D1B53B00D02A2C /* RecipeView.swift */,
				786F9A1329CA381F00CAA48B /* IngredientView.swift */,
				783B4B8329DEB41200551888 /* QuickIngredientsEditView.swift */,
				78D1520729D827990023DB08 /* DirectionTimerView.swift */,
				78D6D20E29ED2FFC004FED05 /* TimerButtonView.swift */,
				78F0A95029D21DC500E59F56 /* DirectionView.swift */,
				782C65DE29D7501800A95C18 /* ServingsView.swift */,
				782C65CF29D5762600A95C18 /* HeadSectionView.swift */,
				78D6D20829EC3B23004FED05 /* RecipeRatingEditView.swift */,
				78D6D20A29EC3FDA004FED05 /* NotesView.swift */,
				786F9A3429CDAC3900CAA48B /* FloatingTimerView.swift */,
				78F3186929E6A24500DE31BE /* RecipeImageView.swift */,
				782C65DC29D7333600A95C18 /* FlexiStringsView.swift */,
			);
			path = RecipeView;
			sourceTree = "<group>";
		};
		782C65D329D58F0000A95C18 /* StandardViews */ = {
			isa = PBXGroup;
			children = (
				78C59E8D2B1CAC3A00C44F5F /* StartView.swift */,
				786F9A0B29C8E0C000CAA48B /* HomeView.swift */,
				78DDC7252B921FAA001D7183 /* HomeRecipesFolderView.swift */,
				78DDC7232B92033E001D7183 /* HomeListView.swift */,
				786F9A0D29C8E18300CAA48B /* FolderView.swift */,
				782821FE29F177F4006128CA /* RandomRecipeView.swift */,
				7824BC3B2B1687AE00211579 /* FlexiTagsView.swift */,
				7865CFDD2B1F0DC2007CB7D6 /* AboutView.swift */,
				78D378E32B4C57FD0047F5CB /* PrivacyView.swift */,
				785C4AE22B49E02700EB07F8 /* Animation */,
			);
			path = StandardViews;
			sourceTree = "<group>";
		};
		782C65D429D58F3200A95C18 /* FlexibleView */ = {
			isa = PBXGroup;
			children = (
				7877E1432BC52C2900776890 /* _FlexibleView.swift */,
				7877E1422BC52C2900776890 /* FlexibleView.swift */,
				7877E1442BC52C2900776890 /* SelectionButtonLabel.swift */,
			);
			path = FlexibleView;
			sourceTree = "<group>";
		};
		782C65D529D58F7B00A95C18 /* RecipesListView */ = {
			isa = PBXGroup;
			children = (
				782EB6C029C3B0A70086D2E7 /* RecipesListView.swift */,
				782EB6C429C460FF0086D2E7 /* ListItemView.swift */,
				7824BC392B16862400211579 /* TagsOrIngredientsListView.swift */,
			);
			path = RecipesListView;
			sourceTree = "<group>";
		};
		782EB6A029C3A3A20086D2E7 = {
			isa = PBXGroup;
			children = (
				781D55792CF5DDE000C56DE6 /* README.md */,
				782EB6AB29C3A3A20086D2E7 /* 7III Recipes */,
				782EB6AA29C3A3A20086D2E7 /* Products */,
			);
			sourceTree = "<group>";
		};
		782EB6AA29C3A3A20086D2E7 /* Products */ = {
			isa = PBXGroup;
			children = (
				782EB6A929C3A3A20086D2E7 /* 7III Recipes.app */,
			);
			name = Products;
			sourceTree = "<group>";
		};
		782EB6AB29C3A3A20086D2E7 /* 7III Recipes */ = {
			isa = PBXGroup;
			children = (
				78C22AF229F12E8800CEA2BE /* Info.plist */,
				782EB6AC29C3A3A20086D2E7 /* MDRecipesApp.swift */,
				782C65D329D58F0000A95C18 /* StandardViews */,
				78ED4A6B2B7A424D00171F27 /* Overlays */,
				7824BC412B1780B100211579 /* Menus */,
				78623AD229D9AF6600B9CF65 /* Trash */,
				782C65D529D58F7B00A95C18 /* RecipesListView */,
				78623AD529D9FB5400B9CF65 /* ImportFromTextView */,
				7822648D2B8FD26E00759188 /* Export */,
				782C65CA29D571C300A95C18 /* RecipeView */,
				782C65C929D5711200A95C18 /* RecipeEditView */,
				782C65D429D58F3200A95C18 /* FlexibleView */,
				786F9A2329CC46A400CAA48B /* Experiments */,
				782EB6BB29C3A3C50086D2E7 /* Model */,
				782EB6B029C3A3A30086D2E7 /* Assets.xcassets */,
				7824BC442B189F4D00211579 /* Sounds */,
				782EB6B229C3A3A30086D2E7 /* 7III Recipes.entitlements */,
				782EB6B329C3A3A30086D2E7 /* Preview Content */,
			);
			path = "7III Recipes";
			sourceTree = "<group>";
		};
		782EB6B329C3A3A30086D2E7 /* Preview Content */ = {
			isa = PBXGroup;
			children = (
				782EB6B429C3A3A30086D2E7 /* Preview Assets.xcassets */,
			);
			path = "Preview Content";
			sourceTree = "<group>";
		};
		782EB6BB29C3A3C50086D2E7 /* Model */ = {
			isa = PBXGroup;
			children = (
				782EB6BE29C3A4650086D2E7 /* RecipesManager.swift */,
				78DDC72D2B937061001D7183 /* TagAlert.swift */,
				78ED4A6E2B7CC7FB00171F27 /* Constants.swift */,
				782EB6BC29C3A3F70086D2E7 /* MarkdownFile.swift */,
				782AB9E629CE2F0E00EC23FC /* Recipe.swift */,
				783B4B8D29E148E600551888 /* Importer.swift */,
				786F9A1729CAE74D00CAA48B /* Parser.swift */,
				782AB9EC29CE39C800EC23FC /* Direction.swift */,
				784AFE182B07CDD300A14417 /* RecipeMovedAlert.swift */,
				783B4B8929E00DE000551888 /* RecipeSegment.swift */,
				782C65DA29D6D58000A95C18 /* Ingredient.swift */,
				78202CD82B80B3FC0043E204 /* TagSelection.swift */,
				78F3186129E5598F00DE31BE /* RecipeImage.swift */,
				78F3186729E5B3D200DE31BE /* RecipeImageData.swift */,
				786F9A3229CDAB6300CAA48B /* DirectionTimer.swift */,
				786F9A1929CAF2D800CAA48B /* ConfettiSwiftUI */,
				786F99FE29C84E4800CAA48B /* Helpers */,
				786F99FB29C4F0D100CAA48B /* WrapStack */,
			);
			path = Model;
			sourceTree = "<group>";
		};
		785C4AE22B49E02700EB07F8 /* Animation */ = {
			isa = PBXGroup;
			children = (
				7865CFDB2B1F0B9D007CB7D6 /* BackgroundAnimation.swift */,
				78C59E8B2B1BCF9000C44F5F /* SplashViewAnimation.swift */,
			);
			path = Animation;
			sourceTree = "<group>";
		};
		78623AD229D9AF6600B9CF65 /* Trash */ = {
			isa = PBXGroup;
			children = (
				78623AD329D9AFC700B9CF65 /* TrashList.swift */,
			);
			path = Trash;
			sourceTree = "<group>";
		};
		78623AD529D9FB5400B9CF65 /* ImportFromTextView */ = {
			isa = PBXGroup;
			children = (
				78623AD629D9FB6700B9CF65 /* ImportFromTextView.swift */,
				783B4B8529DFF67B00551888 /* SegmentsImportView.swift */,
				783B4B8729E0073B00551888 /* SegmentView.swift */,
				786C03282AF981EE00B021E3 /* TitleAlertView.swift */,
				783B4B8B29E04CD100551888 /* SegmentStackView.swift */,
			);
			path = ImportFromTextView;
			sourceTree = "<group>";
		};
		786F99FB29C4F0D100CAA48B /* WrapStack */ = {
			isa = PBXGroup;
			children = (
				786F99F329C4EF2900CAA48B /* WHStack.swift */,
				786F99F929C4F0C700CAA48B /* SizePref.swift */,
				786F99F729C4F0A100CAA48B /* WrapStack.swift */,
				786F99F529C4F05700CAA48B /* ViewArrayBuilder.swift */,
			);
			path = WrapStack;
			sourceTree = "<group>";
		};
		786F99FE29C84E4800CAA48B /* Helpers */ = {
			isa = PBXGroup;
			children = (
				7824BC422B179FE800211579 /* CustomNavBar.swift */,
				786F99FF29C84E5C00CAA48B /* View+readSize.swift */,
				78D6D21229ED4BE6004FED05 /* ShakeEffect.swift */,
				78D6D21029ED38FB004FED05 /* DateToDateFormatted.swift */,
				786F9A0929C86D9D00CAA48B /* Enums.swift */,
				786F9A2129CC418800CAA48B /* NotificationDelegate.swift */,
				786F9A3629CDAF6D00CAA48B /* RandomColorWithContrast.swift */,
				78F0A94C29D1EF0A00E59F56 /* String+Pluralize.swift */,
				78F0A94E29D1EF3D00E59F56 /* Inflector.swift */,
				78623AD829DA007100B9CF65 /* ConvertFractionsIntoDoubles.swift */,
			);
			path = Helpers;
			sourceTree = "<group>";
		};
		786F9A1929CAF2D800CAA48B /* ConfettiSwiftUI */ = {
			isa = PBXGroup;
			children = (
				786F9A1A29CAF2D800CAA48B /* LICENSE */,
				786F9A1B29CAF2D800CAA48B /* RoundedCross.swift */,
				786F9A1C29CAF2D800CAA48B /* ConfettiSwiftUI.swift */,
			);
			path = ConfettiSwiftUI;
			sourceTree = "<group>";
		};
		786F9A2329CC46A400CAA48B /* Experiments */ = {
			isa = PBXGroup;
			children = (
				7864173729C4770B00D67DE0 /* FilterTesting.swift */,
				782EB6C229C460800086D2E7 /* RecipeViewTryOne.swift */,
				786F9A2A29CC589600CAA48B /* TimerListButton.swift */,
				786F9A1D29CB08EF00CAA48B /* TimerView.swift */,
				786F9A2C29CC7F6D00CAA48B /* VisibilityView.swift */,
				786F9A2E29CC84CE00CAA48B /* AnotherVisibilityTest.swift */,
				782AB9E429CE0A9600EC23FC /* ScrollingListExperiment.swift */,
				786F9A0529C8520400CAA48B /* FlexibleContentView.swift */,
			);
			path = Experiments;
			sourceTree = "<group>";
		};
		78ED4A6B2B7A424D00171F27 /* Overlays */ = {
			isa = PBXGroup;
			children = (
				78ED4A6C2B7A425D00171F27 /* AlertOverlay.swift */,
				788D3E0E2B8F3F65003CB6F8 /* ImportRecipesOverlay.swift */,
				78DDC72B2B933CB3001D7183 /* RenameTagOverlay.swift */,
				78DDC72F2B93754D001D7183 /* RenameTagVStack.swift */,
				782264922B9085C100759188 /* ExportRecipesOverlay.swift */,
				782264942B90BCA500759188 /* ExportLinkOverlay.swift */,
				788D3E102B8F40E8003CB6F8 /* OutsideTap.swift */,
				788D3E112B8F40E8003CB6F8 /* OverlayVStackModifier.swift */,
				78ED6BF12B9107D8004FA166 /* CustomPopupModifier.swift */,
				78DDC7292B93399B001D7183 /* TagTextFieldModifier.swift */,
			);
			path = Overlays;
			sourceTree = "<group>";
		};
/* End PBXGroup section */

/* Begin PBXNativeTarget section */
		782EB6A829C3A3A20086D2E7 /* 7III Recipes */ = {
			isa = PBXNativeTarget;
			buildConfigurationList = 782EB6B829C3A3A30086D2E7 /* Build configuration list for PBXNativeTarget "7III Recipes" */;
			buildPhases = (
				782EB6A529C3A3A20086D2E7 /* Sources */,
				782EB6A629C3A3A20086D2E7 /* Frameworks */,
				782EB6A729C3A3A20086D2E7 /* Resources */,
			);
			buildRules = (
			);
			dependencies = (
			);
			name = "7III Recipes";
			packageProductDependencies = (
				78ED4A672B796AAF00171F27 /* ZIPFoundation */,
			);
			productName = MDRecipes;
			productReference = 782EB6A929C3A3A20086D2E7 /* 7III Recipes.app */;
			productType = "com.apple.product-type.application";
		};
/* End PBXNativeTarget section */

/* Begin PBXProject section */
		782EB6A129C3A3A20086D2E7 /* Project object */ = {
			isa = PBXProject;
			attributes = {
				BuildIndependentTargetsInParallel = 1;
				LastSwiftUpdateCheck = 1420;
				LastUpgradeCheck = 1510;
				TargetAttributes = {
					782EB6A829C3A3A20086D2E7 = {
						CreatedOnToolsVersion = 14.2;
					};
				};
			};
			buildConfigurationList = 782EB6A429C3A3A20086D2E7 /* Build configuration list for PBXProject "7III Recipes" */;
			compatibilityVersion = "Xcode 14.0";
			developmentRegion = en;
			hasScannedForEncodings = 0;
			knownRegions = (
				en,
				Base,
			);
			mainGroup = 782EB6A029C3A3A20086D2E7;
			packageReferences = (
				78ED4A662B796AAF00171F27 /* XCRemoteSwiftPackageReference "ZIPFoundation" */,
			);
			productRefGroup = 782EB6AA29C3A3A20086D2E7 /* Products */;
			projectDirPath = "";
			projectRoot = "";
			targets = (
				782EB6A829C3A3A20086D2E7 /* 7III Recipes */,
			);
		};
/* End PBXProject section */

/* Begin PBXResourcesBuildPhase section */
		782EB6A729C3A3A20086D2E7 /* Resources */ = {
			isa = PBXResourcesBuildPhase;
			buildActionMask = 2147483647;
			files = (
				7824BC472B189F6000211579 /* Kitchen Timer Normal.caf in Resources */,
				782EB6B529C3A3A30086D2E7 /* Preview Assets.xcassets in Resources */,
				782EB6B129C3A3A30086D2E7 /* Assets.xcassets in Resources */,
			);
			runOnlyForDeploymentPostprocessing = 0;
		};
/* End PBXResourcesBuildPhase section */

/* Begin PBXSourcesBuildPhase section */
		782EB6A529C3A3A20086D2E7 /* Sources */ = {
			isa = PBXSourcesBuildPhase;
			buildActionMask = 2147483647;
			files = (
				78F3185E29E53B2000DE31BE /* ImagesPickerView.swift in Sources */,
				78F3186229E5598F00DE31BE /* RecipeImage.swift in Sources */,
				78DDC7262B921FAA001D7183 /* HomeRecipesFolderView.swift in Sources */,
				786F9A1E29CB08EF00CAA48B /* TimerView.swift in Sources */,
				7824BC432B179FE800211579 /* CustomNavBar.swift in Sources */,
				786F99F629C4F05700CAA48B /* ViewArrayBuilder.swift in Sources */,
				78F0A94D29D1EF0A00E59F56 /* String+Pluralize.swift in Sources */,
				7877E1472BC52C2900776890 /* SelectionButtonLabel.swift in Sources */,
				78C59E8E2B1CAC3A00C44F5F /* StartView.swift in Sources */,
				7864173829C4770B00D67DE0 /* FilterTesting.swift in Sources */,
				782AB9E529CE0A9600EC23FC /* ScrollingListExperiment.swift in Sources */,
				782C65D029D5762600A95C18 /* HeadSectionView.swift in Sources */,
				782C65D729D6003200A95C18 /* IngredientEditView.swift in Sources */,
				78623AD729D9FB6700B9CF65 /* ImportFromTextView.swift in Sources */,
				786F9A1429CA381F00CAA48B /* IngredientView.swift in Sources */,
				782821FF29F177F4006128CA /* RandomRecipeView.swift in Sources */,
				7865CFDC2B1F0B9D007CB7D6 /* BackgroundAnimation.swift in Sources */,
				78DDC7242B92033E001D7183 /* HomeListView.swift in Sources */,
				78DDC72C2B933CB3001D7183 /* RenameTagOverlay.swift in Sources */,
				783B4B8E29E148E600551888 /* Importer.swift in Sources */,
				783B4B8029DDA7C700551888 /* DirectionsEditTextView.swift in Sources */,
				782C65DF29D7501800A95C18 /* ServingsView.swift in Sources */,
				7865CFDE2B1F0DC2007CB7D6 /* AboutView.swift in Sources */,
				78F0A95129D21DC500E59F56 /* DirectionView.swift in Sources */,
				78F553D829D4B496001C9F56 /* CategoriesEditView.swift in Sources */,
				786F99F829C4F0A100CAA48B /* WrapStack.swift in Sources */,
				782EB6BD29C3A3F70086D2E7 /* MarkdownFile.swift in Sources */,
				786F9A0629C8520400CAA48B /* FlexibleContentView.swift in Sources */,
				786F9A3729CDAF6D00CAA48B /* RandomColorWithContrast.swift in Sources */,
				782C65C829D56FFF00A95C18 /* IngredientsEditView.swift in Sources */,
				78F3186829E5B3D200DE31BE /* RecipeImageData.swift in Sources */,
				788D3E122B8F40E8003CB6F8 /* OutsideTap.swift in Sources */,
				78DDC7302B93754D001D7183 /* RenameTagVStack.swift in Sources */,
				78DDC72A2B93399B001D7183 /* TagTextFieldModifier.swift in Sources */,
				782AB9E729CE2F0E00EC23FC /* Recipe.swift in Sources */,
				782C65D229D58B0A00A95C18 /* ServingsCookedEditView.swift in Sources */,
				78ED6BF22B9107D8004FA166 /* CustomPopupModifier.swift in Sources */,
				782EB6C129C3B0A70086D2E7 /* RecipesListView.swift in Sources */,
				78DDC72E2B937061001D7183 /* TagAlert.swift in Sources */,
				78DCB73729D1B53B00D02A2C /* RecipeView.swift in Sources */,
				78F3186A29E6A24500DE31BE /* RecipeImageView.swift in Sources */,
				7824BC3C2B1687AE00211579 /* FlexiTagsView.swift in Sources */,
				782264952B90BCA500759188 /* ExportLinkOverlay.swift in Sources */,
				782C65DD29D7333600A95C18 /* FlexiStringsView.swift in Sources */,
				78D6D20B29EC3FDA004FED05 /* NotesView.swift in Sources */,
				786F9A3529CDAC3900CAA48B /* FloatingTimerView.swift in Sources */,
				78D6D20F29ED2FFC004FED05 /* TimerButtonView.swift in Sources */,
				782264912B90840A00759188 /* ExportOverlayButton.swift in Sources */,
				786F9A2D29CC7F6D00CAA48B /* VisibilityView.swift in Sources */,
				782EB6BF29C3A4650086D2E7 /* RecipesManager.swift in Sources */,
				78F3186029E5442B00DE31BE /* ImageDetailView.swift in Sources */,
				786C03292AF981EE00B021E3 /* TitleAlertView.swift in Sources */,
				78D378E42B4C57FD0047F5CB /* PrivacyView.swift in Sources */,
				786F9A2229CC418800CAA48B /* NotificationDelegate.swift in Sources */,
				782AB9ED29CE39C800EC23FC /* Direction.swift in Sources */,
				786F9A2F29CC84CE00CAA48B /* AnotherVisibilityTest.swift in Sources */,
				78DDC7282B932EDD001D7183 /* TagsContextMenu.swift in Sources */,
				7877E1452BC52C2900776890 /* _FlexibleView.swift in Sources */,
				786F9A0E29C8E18300CAA48B /* FolderView.swift in Sources */,
				783B4B8829E0073B00551888 /* SegmentView.swift in Sources */,
				78C59E8C2B1BCF9000C44F5F /* SplashViewAnimation.swift in Sources */,
				786F99FA29C4F0C700CAA48B /* SizePref.swift in Sources */,
				7877E1462BC52C2900776890 /* FlexibleView.swift in Sources */,
				782264932B9085C100759188 /* ExportRecipesOverlay.swift in Sources */,
				78D6D20929EC3B23004FED05 /* RecipeRatingEditView.swift in Sources */,
				784AFE192B07CDD300A14417 /* RecipeMovedAlert.swift in Sources */,
				78623AD929DA007100B9CF65 /* ConvertFractionsIntoDoubles.swift in Sources */,
				786F9A3329CDAB6300CAA48B /* DirectionTimer.swift in Sources */,
				78F553D429D48812001C9F56 /* LanguagePickerView.swift in Sources */,
				786F9A1829CAE74D00CAA48B /* Parser.swift in Sources */,
				78623AD129D982D300B9CF65 /* TitleEditView.swift in Sources */,
				782EB6C529C460FF0086D2E7 /* ListItemView.swift in Sources */,
				786F99F429C4EF2900CAA48B /* WHStack.swift in Sources */,
				78F0A94F29D1EF3D00E59F56 /* Inflector.swift in Sources */,
				78ED4A6D2B7A425D00171F27 /* AlertOverlay.swift in Sources */,
				782EB6AD29C3A3A20086D2E7 /* MDRecipesApp.swift in Sources */,
				783B4B8629DFF67B00551888 /* SegmentsImportView.swift in Sources */,
				78D6D21329ED4BE6004FED05 /* ShakeEffect.swift in Sources */,
				786F9A2B29CC589600CAA48B /* TimerListButton.swift in Sources */,
				786F9A0029C84E5C00CAA48B /* View+readSize.swift in Sources */,
				78C1C44B2B7D1FED009EBBBF /* ExportView.swift in Sources */,
				7822648F2B8FD28F00759188 /* ExportListView.swift in Sources */,
				78F553D029D429E2001C9F56 /* RecipeEditView.swift in Sources */,
				788D3E132B8F40E8003CB6F8 /* OverlayVStackModifier.swift in Sources */,
				78C22AF429F1491A00CEA2BE /* CameraButtonView.swift in Sources */,
				78F553D629D4B226001C9F56 /* TagsEditView.swift in Sources */,
				783B4B8429DEB41200551888 /* QuickIngredientsEditView.swift in Sources */,
				783B4B8A29E00DE000551888 /* RecipeSegment.swift in Sources */,
				786F9A0A29C86D9D00CAA48B /* Enums.swift in Sources */,
				78676B0D29D36003002205B5 /* RoundedCross.swift in Sources */,
				78ED4A6F2B7CC7FB00171F27 /* Constants.swift in Sources */,
				78F553DA29D4B545001C9F56 /* DirectionsEditView.swift in Sources */,
				7824BC3A2B16862400211579 /* TagsOrIngredientsListView.swift in Sources */,
				782C65DB29D6D58000A95C18 /* Ingredient.swift in Sources */,
				78676B0E29D36008002205B5 /* ConfettiSwiftUI.swift in Sources */,
				78D1520829D827990023DB08 /* DirectionTimerView.swift in Sources */,
				78D6D21129ED38FB004FED05 /* DateToDateFormatted.swift in Sources */,
				783B4B8C29E04CD100551888 /* SegmentStackView.swift in Sources */,
				78202CD92B80B3FC0043E204 /* TagSelection.swift in Sources */,
				782EB6C329C460800086D2E7 /* RecipeViewTryOne.swift in Sources */,
				7824BC402B177CF400211579 /* ToolbarOptionsView.swift in Sources */,
				78623AD429D9AFC700B9CF65 /* TrashList.swift in Sources */,
				786F9A0C29C8E0C000CAA48B /* HomeView.swift in Sources */,
				788D3E0F2B8F3F65003CB6F8 /* ImportRecipesOverlay.swift in Sources */,
			);
			runOnlyForDeploymentPostprocessing = 0;
		};
/* End PBXSourcesBuildPhase section */

/* Begin XCBuildConfiguration section */
		782EB6B629C3A3A30086D2E7 /* Debug */ = {
			isa = XCBuildConfiguration;
			buildSettings = {
				ALWAYS_SEARCH_USER_PATHS = NO;
				ASSETCATALOG_COMPILER_GENERATE_SWIFT_ASSET_SYMBOL_EXTENSIONS = YES;
				CLANG_ANALYZER_NONNULL = YES;
				CLANG_ANALYZER_NUMBER_OBJECT_CONVERSION = YES_AGGRESSIVE;
				CLANG_CXX_LANGUAGE_STANDARD = "gnu++20";
				CLANG_ENABLE_MODULES = YES;
				CLANG_ENABLE_OBJC_ARC = YES;
				CLANG_ENABLE_OBJC_WEAK = YES;
				CLANG_WARN_BLOCK_CAPTURE_AUTORELEASING = YES;
				CLANG_WARN_BOOL_CONVERSION = YES;
				CLANG_WARN_COMMA = YES;
				CLANG_WARN_CONSTANT_CONVERSION = YES;
				CLANG_WARN_DEPRECATED_OBJC_IMPLEMENTATIONS = YES;
				CLANG_WARN_DIRECT_OBJC_ISA_USAGE = YES_ERROR;
				CLANG_WARN_DOCUMENTATION_COMMENTS = YES;
				CLANG_WARN_EMPTY_BODY = YES;
				CLANG_WARN_ENUM_CONVERSION = YES;
				CLANG_WARN_INFINITE_RECURSION = YES;
				CLANG_WARN_INT_CONVERSION = YES;
				CLANG_WARN_NON_LITERAL_NULL_CONVERSION = YES;
				CLANG_WARN_OBJC_IMPLICIT_RETAIN_SELF = YES;
				CLANG_WARN_OBJC_LITERAL_CONVERSION = YES;
				CLANG_WARN_OBJC_ROOT_CLASS = YES_ERROR;
				CLANG_WARN_QUOTED_INCLUDE_IN_FRAMEWORK_HEADER = YES;
				CLANG_WARN_RANGE_LOOP_ANALYSIS = YES;
				CLANG_WARN_STRICT_PROTOTYPES = YES;
				CLANG_WARN_SUSPICIOUS_MOVE = YES;
				CLANG_WARN_UNGUARDED_AVAILABILITY = YES_AGGRESSIVE;
				CLANG_WARN_UNREACHABLE_CODE = YES;
				CLANG_WARN__DUPLICATE_METHOD_MATCH = YES;
				COPY_PHASE_STRIP = NO;
				DEAD_CODE_STRIPPING = YES;
				DEBUG_INFORMATION_FORMAT = dwarf;
				ENABLE_STRICT_OBJC_MSGSEND = YES;
				ENABLE_TESTABILITY = YES;
				ENABLE_USER_SCRIPT_SANDBOXING = YES;
				GCC_C_LANGUAGE_STANDARD = gnu11;
				GCC_DYNAMIC_NO_PIC = NO;
				GCC_NO_COMMON_BLOCKS = YES;
				GCC_OPTIMIZATION_LEVEL = 0;
				GCC_PREPROCESSOR_DEFINITIONS = (
					"DEBUG=1",
					"$(inherited)",
				);
				GCC_WARN_64_TO_32_BIT_CONVERSION = YES;
				GCC_WARN_ABOUT_RETURN_TYPE = YES_ERROR;
				GCC_WARN_UNDECLARED_SELECTOR = YES;
				GCC_WARN_UNINITIALIZED_AUTOS = YES_AGGRESSIVE;
				GCC_WARN_UNUSED_FUNCTION = YES;
				GCC_WARN_UNUSED_VARIABLE = YES;
				MTL_ENABLE_DEBUG_INFO = INCLUDE_SOURCE;
				MTL_FAST_MATH = YES;
				ONLY_ACTIVE_ARCH = YES;
				SWIFT_ACTIVE_COMPILATION_CONDITIONS = DEBUG;
				SWIFT_OPTIMIZATION_LEVEL = "-Onone";
			};
			name = Debug;
		};
		782EB6B729C3A3A30086D2E7 /* Release */ = {
			isa = XCBuildConfiguration;
			buildSettings = {
				ALWAYS_SEARCH_USER_PATHS = NO;
				ASSETCATALOG_COMPILER_GENERATE_SWIFT_ASSET_SYMBOL_EXTENSIONS = YES;
				CLANG_ANALYZER_NONNULL = YES;
				CLANG_ANALYZER_NUMBER_OBJECT_CONVERSION = YES_AGGRESSIVE;
				CLANG_CXX_LANGUAGE_STANDARD = "gnu++20";
				CLANG_ENABLE_MODULES = YES;
				CLANG_ENABLE_OBJC_ARC = YES;
				CLANG_ENABLE_OBJC_WEAK = YES;
				CLANG_WARN_BLOCK_CAPTURE_AUTORELEASING = YES;
				CLANG_WARN_BOOL_CONVERSION = YES;
				CLANG_WARN_COMMA = YES;
				CLANG_WARN_CONSTANT_CONVERSION = YES;
				CLANG_WARN_DEPRECATED_OBJC_IMPLEMENTATIONS = YES;
				CLANG_WARN_DIRECT_OBJC_ISA_USAGE = YES_ERROR;
				CLANG_WARN_DOCUMENTATION_COMMENTS = YES;
				CLANG_WARN_EMPTY_BODY = YES;
				CLANG_WARN_ENUM_CONVERSION = YES;
				CLANG_WARN_INFINITE_RECURSION = YES;
				CLANG_WARN_INT_CONVERSION = YES;
				CLANG_WARN_NON_LITERAL_NULL_CONVERSION = YES;
				CLANG_WARN_OBJC_IMPLICIT_RETAIN_SELF = YES;
				CLANG_WARN_OBJC_LITERAL_CONVERSION = YES;
				CLANG_WARN_OBJC_ROOT_CLASS = YES_ERROR;
				CLANG_WARN_QUOTED_INCLUDE_IN_FRAMEWORK_HEADER = YES;
				CLANG_WARN_RANGE_LOOP_ANALYSIS = YES;
				CLANG_WARN_STRICT_PROTOTYPES = YES;
				CLANG_WARN_SUSPICIOUS_MOVE = YES;
				CLANG_WARN_UNGUARDED_AVAILABILITY = YES_AGGRESSIVE;
				CLANG_WARN_UNREACHABLE_CODE = YES;
				CLANG_WARN__DUPLICATE_METHOD_MATCH = YES;
				COPY_PHASE_STRIP = NO;
				DEAD_CODE_STRIPPING = YES;
				DEBUG_INFORMATION_FORMAT = "dwarf-with-dsym";
				ENABLE_NS_ASSERTIONS = NO;
				ENABLE_STRICT_OBJC_MSGSEND = YES;
				ENABLE_USER_SCRIPT_SANDBOXING = YES;
				GCC_C_LANGUAGE_STANDARD = gnu11;
				GCC_NO_COMMON_BLOCKS = YES;
				GCC_WARN_64_TO_32_BIT_CONVERSION = YES;
				GCC_WARN_ABOUT_RETURN_TYPE = YES_ERROR;
				GCC_WARN_UNDECLARED_SELECTOR = YES;
				GCC_WARN_UNINITIALIZED_AUTOS = YES_AGGRESSIVE;
				GCC_WARN_UNUSED_FUNCTION = YES;
				GCC_WARN_UNUSED_VARIABLE = YES;
				MTL_ENABLE_DEBUG_INFO = NO;
				MTL_FAST_MATH = YES;
				SWIFT_COMPILATION_MODE = wholemodule;
				SWIFT_OPTIMIZATION_LEVEL = "-O";
			};
			name = Release;
		};
		782EB6B929C3A3A30086D2E7 /* Debug */ = {
			isa = XCBuildConfiguration;
			buildSettings = {
				ASSETCATALOG_COMPILER_APPICON_NAME = AppIcon;
				ASSETCATALOG_COMPILER_GLOBAL_ACCENT_COLOR_NAME = AccentColor;
				CODE_SIGN_ENTITLEMENTS = "7III Recipes/7III Recipes.entitlements";
				CODE_SIGN_STYLE = Automatic;
				CURRENT_PROJECT_VERSION = 2;
				DEAD_CODE_STRIPPING = YES;
				DEVELOPMENT_ASSET_PATHS = "\"7III Recipes/Preview Content\"";
				DEVELOPMENT_TEAM = A9H57996U3;
				ENABLE_HARDENED_RUNTIME = YES;
				ENABLE_PREVIEWS = YES;
				GENERATE_INFOPLIST_FILE = YES;
				INFOPLIST_FILE = "7III Recipes/Info.plist";
				INFOPLIST_KEY_LSApplicationCategoryType = "public.app-category.food-and-drink";
				INFOPLIST_KEY_LSSupportsOpeningDocumentsInPlace = YES;
				INFOPLIST_KEY_NSCameraUsageDescription = "This app needs access to the camera to take photos for your recipes.";
				"INFOPLIST_KEY_UIApplicationSceneManifest_Generation[sdk=iphoneos*]" = YES;
				"INFOPLIST_KEY_UIApplicationSceneManifest_Generation[sdk=iphonesimulator*]" = YES;
				"INFOPLIST_KEY_UIApplicationSupportsIndirectInputEvents[sdk=iphoneos*]" = YES;
				"INFOPLIST_KEY_UIApplicationSupportsIndirectInputEvents[sdk=iphonesimulator*]" = YES;
				"INFOPLIST_KEY_UILaunchScreen_Generation[sdk=iphoneos*]" = YES;
				"INFOPLIST_KEY_UILaunchScreen_Generation[sdk=iphonesimulator*]" = YES;
				"INFOPLIST_KEY_UIStatusBarStyle[sdk=iphoneos*]" = UIStatusBarStyleDefault;
				"INFOPLIST_KEY_UIStatusBarStyle[sdk=iphonesimulator*]" = UIStatusBarStyleDefault;
				INFOPLIST_KEY_UISupportedInterfaceOrientations = "UIInterfaceOrientationPortrait UIInterfaceOrientationPortraitUpsideDown";
				INFOPLIST_KEY_UISupportedInterfaceOrientations_iPad = "UIInterfaceOrientationLandscapeLeft UIInterfaceOrientationLandscapeRight UIInterfaceOrientationPortrait UIInterfaceOrientationPortraitUpsideDown";
				IPHONEOS_DEPLOYMENT_TARGET = 16.2;
				LD_RUNPATH_SEARCH_PATHS = "@executable_path/Frameworks";
				"LD_RUNPATH_SEARCH_PATHS[sdk=macosx*]" = "@executable_path/../Frameworks";
				MACOSX_DEPLOYMENT_TARGET = 13.1;
				MARKETING_VERSION = 0.1;
				PRODUCT_BUNDLE_IDENTIFIER = com.project7III.recipes;
				PRODUCT_NAME = "7III Recipes";
				SDKROOT = auto;
				SUPPORTED_PLATFORMS = "iphoneos iphonesimulator";
				SUPPORTS_MACCATALYST = NO;
				SUPPORTS_MAC_DESIGNED_FOR_IPHONE_IPAD = YES;
				SWIFT_EMIT_LOC_STRINGS = YES;
				SWIFT_VERSION = 5.0;
				TARGETED_DEVICE_FAMILY = "1,2";
			};
			name = Debug;
		};
		782EB6BA29C3A3A30086D2E7 /* Release */ = {
			isa = XCBuildConfiguration;
			buildSettings = {
				ASSETCATALOG_COMPILER_APPICON_NAME = AppIcon;
				ASSETCATALOG_COMPILER_GLOBAL_ACCENT_COLOR_NAME = AccentColor;
				CODE_SIGN_ENTITLEMENTS = "7III Recipes/7III Recipes.entitlements";
				CODE_SIGN_STYLE = Automatic;
				CURRENT_PROJECT_VERSION = 2;
				DEAD_CODE_STRIPPING = YES;
				DEVELOPMENT_ASSET_PATHS = "\"7III Recipes/Preview Content\"";
				DEVELOPMENT_TEAM = A9H57996U3;
				ENABLE_HARDENED_RUNTIME = YES;
				ENABLE_PREVIEWS = YES;
				GENERATE_INFOPLIST_FILE = YES;
				INFOPLIST_FILE = "7III Recipes/Info.plist";
				INFOPLIST_KEY_LSApplicationCategoryType = "public.app-category.food-and-drink";
				INFOPLIST_KEY_LSSupportsOpeningDocumentsInPlace = YES;
				INFOPLIST_KEY_NSCameraUsageDescription = "This app needs access to the camera to take photos for your recipes.";
				"INFOPLIST_KEY_UIApplicationSceneManifest_Generation[sdk=iphoneos*]" = YES;
				"INFOPLIST_KEY_UIApplicationSceneManifest_Generation[sdk=iphonesimulator*]" = YES;
				"INFOPLIST_KEY_UIApplicationSupportsIndirectInputEvents[sdk=iphoneos*]" = YES;
				"INFOPLIST_KEY_UIApplicationSupportsIndirectInputEvents[sdk=iphonesimulator*]" = YES;
				"INFOPLIST_KEY_UILaunchScreen_Generation[sdk=iphoneos*]" = YES;
				"INFOPLIST_KEY_UILaunchScreen_Generation[sdk=iphonesimulator*]" = YES;
				"INFOPLIST_KEY_UIStatusBarStyle[sdk=iphoneos*]" = UIStatusBarStyleDefault;
				"INFOPLIST_KEY_UIStatusBarStyle[sdk=iphonesimulator*]" = UIStatusBarStyleDefault;
				INFOPLIST_KEY_UISupportedInterfaceOrientations = "UIInterfaceOrientationPortrait UIInterfaceOrientationPortraitUpsideDown";
				INFOPLIST_KEY_UISupportedInterfaceOrientations_iPad = "UIInterfaceOrientationLandscapeLeft UIInterfaceOrientationLandscapeRight UIInterfaceOrientationPortrait UIInterfaceOrientationPortraitUpsideDown";
				IPHONEOS_DEPLOYMENT_TARGET = 16.2;
				LD_RUNPATH_SEARCH_PATHS = "@executable_path/Frameworks";
				"LD_RUNPATH_SEARCH_PATHS[sdk=macosx*]" = "@executable_path/../Frameworks";
				MACOSX_DEPLOYMENT_TARGET = 13.1;
				MARKETING_VERSION = 0.1;
				PRODUCT_BUNDLE_IDENTIFIER = com.project7III.recipes;
				PRODUCT_NAME = "7III Recipes";
				SDKROOT = auto;
				SUPPORTED_PLATFORMS = "iphoneos iphonesimulator";
				SUPPORTS_MACCATALYST = NO;
				SUPPORTS_MAC_DESIGNED_FOR_IPHONE_IPAD = YES;
				SWIFT_EMIT_LOC_STRINGS = YES;
				SWIFT_VERSION = 5.0;
				TARGETED_DEVICE_FAMILY = "1,2";
			};
			name = Release;
		};
/* End XCBuildConfiguration section */

/* Begin XCConfigurationList section */
		782EB6A429C3A3A20086D2E7 /* Build configuration list for PBXProject "7III Recipes" */ = {
			isa = XCConfigurationList;
			buildConfigurations = (
				782EB6B629C3A3A30086D2E7 /* Debug */,
				782EB6B729C3A3A30086D2E7 /* Release */,
			);
			defaultConfigurationIsVisible = 0;
			defaultConfigurationName = Release;
		};
		782EB6B829C3A3A30086D2E7 /* Build configuration list for PBXNativeTarget "7III Recipes" */ = {
			isa = XCConfigurationList;
			buildConfigurations = (
				782EB6B929C3A3A30086D2E7 /* Debug */,
				782EB6BA29C3A3A30086D2E7 /* Release */,
			);
			defaultConfigurationIsVisible = 0;
			defaultConfigurationName = Release;
		};
/* End XCConfigurationList section */

/* Begin XCRemoteSwiftPackageReference section */
		78ED4A662B796AAF00171F27 /* XCRemoteSwiftPackageReference "ZIPFoundation" */ = {
			isa = XCRemoteSwiftPackageReference;
			repositoryURL = "https://github.com/weichsel/ZIPFoundation";
			requirement = {
				kind = upToNextMajorVersion;
				minimumVersion = 0.9.18;
			};
		};
/* End XCRemoteSwiftPackageReference section */

/* Begin XCSwiftPackageProductDependency section */
		78ED4A672B796AAF00171F27 /* ZIPFoundation */ = {
			isa = XCSwiftPackageProductDependency;
			package = 78ED4A662B796AAF00171F27 /* XCRemoteSwiftPackageReference "ZIPFoundation" */;
			productName = ZIPFoundation;
		};
/* End XCSwiftPackageProductDependency section */
	};
	rootObject = 782EB6A129C3A3A20086D2E7 /* Project object */;
}
